
Microsoft Visual Studio Solution File, Format Version 12.00
# Visual Studio 14
VisualStudioVersion = 14.0.25123.0
MinimumVisualStudioVersion = 10.0.40219.1
Project("{FAE04EC0-301F-11D3-BF4B-00C04F79EFBC}") = "PlaylistExtractor", "PlaylistExtractor\PlaylistExtractor.csproj", "{765591C1-110B-4613-9060-B7867059085D}"
EndProject
Project("{FAE04EC0-301F-11D3-BF4B-00C04F79EFBC}") = "DemoProgram", "DemoProgram\DemoProgram.csproj", "{66CD8EBD-F05F-4EA2-B842-EACE85F6B7F8}"
EndProject
Global
	GlobalSection(SolutionConfigurationPlatforms) = preSolution
		Debug|Any CPU = Debug|Any CPU
		Release|Any CPU = Release|Any CPU
	EndGlobalSection
	GlobalSection(ProjectConfigurationPlatforms) = postSolution
		{765591C1-110B-4613-9060-B7867059085D}.Debug|Any CPU.ActiveCfg = Debug|Any CPU
		{765591C1-110B-4613-9060-B7867059085D}.Debug|Any CPU.Build.0 = Debug|Any CPU
		{765591C1-110B-4613-9060-B7867059085D}.Release|Any CPU.ActiveCfg = Release|Any CPU
		{765591C1-110B-4613-9060-B7867059085D}.Release|Any CPU.Build.0 = Release|Any CPU
		{66CD8EBD-F05F-4EA2-B842-EACE85F6B7F8}.Debug|Any CPU.ActiveCfg = Debug|Any CPU
		{66CD8EBD-F05F-4EA2-B842-EACE85F6B7F8}.Debug|Any CPU.Build.0 = Debug|Any CPU
		{66CD8EBD-F05F-4EA2-B842-EACE85F6B7F8}.Release|Any CPU.ActiveCfg = Release|Any CPU
		{66CD8EBD-F05F-4EA2-B842-EACE85F6B7F8}.Release|Any CPU.Build.0 = Release|Any CPU
	EndGlobalSection
	GlobalSection(SolutionProperties) = preSolution
		HideSolutionNode = FALSE
	EndGlobalSection
EndGlobal
